// !$*UTF8*$!
{
	archiveVersion = 1;
	classes = {
	};
	objectVersion = 46;
	objects = {

/* Begin PBXBuildFile section */
		22CA82E31ED736E3005CF750 /* AppDelegate.swift in Sources */ = {isa = PBXBuildFile; fileRef = 22CA82E21ED736E3005CF750 /* AppDelegate.swift */; };
		22CA82E51ED736E3005CF750 /* ViewController.swift in Sources */ = {isa = PBXBuildFile; fileRef = 22CA82E41ED736E3005CF750 /* ViewController.swift */; };
		22CA82E81ED736E4005CF750 /* Main.storyboard in Resources */ = {isa = PBXBuildFile; fileRef = 22CA82E61ED736E3005CF750 /* Main.storyboard */; };
		22CA82EB1ED736E4005CF750 /* StoryCollector.xcdatamodeld in Sources */ = {isa = PBXBuildFile; fileRef = 22CA82E91ED736E4005CF750 /* StoryCollector.xcdatamodeld */; };
		22CA82ED1ED736E4005CF750 /* Assets.xcassets in Resources */ = {isa = PBXBuildFile; fileRef = 22CA82EC1ED736E4005CF750 /* Assets.xcassets */; };
		22CA82F01ED736E4005CF750 /* LaunchScreen.storyboard in Resources */ = {isa = PBXBuildFile; fileRef = 22CA82EE1ED736E4005CF750 /* LaunchScreen.storyboard */; };
		22CA82F81ED73D39005CF750 /* BB PreK.jpeg in Resources */ = {isa = PBXBuildFile; fileRef = 22CA82F71ED73D39005CF750 /* BB PreK.jpeg */; };
		22CA82FA1ED73E69005CF750 /* StoryAddViewController.swift in Sources */ = {isa = PBXBuildFile; fileRef = 22CA82F91ED73E69005CF750 /* StoryAddViewController.swift */; };
/* End PBXBuildFile section */

/* Begin PBXFileReference section */
		22CA82DF1ED736E3005CF750 /* StoryCollector.app */ = {isa = PBXFileReference; explicitFileType = wrapper.application; includeInIndex = 0; path = StoryCollector.app; sourceTree = BUILT_PRODUCTS_DIR; };
		22CA82E21ED736E3005CF750 /* AppDelegate.swift */ = {isa = PBXFileReference; lastKnownFileType = sourcecode.swift; path = AppDelegate.swift; sourceTree = "<group>"; };
		22CA82E41ED736E3005CF750 /* ViewController.swift */ = {isa = PBXFileReference; lastKnownFileType = sourcecode.swift; path = ViewController.swift; sourceTree = "<group>"; };
		22CA82E71ED736E3005CF750 /* Base */ = {isa = PBXFileReference; lastKnownFileType = file.storyboard; name = Base; path = Base.lproj/Main.storyboard; sourceTree = "<group>"; };
		22CA82EA1ED736E4005CF750 /* StoryCollector.xcdatamodel */ = {isa = PBXFileReference; lastKnownFileType = wrapper.xcdatamodel; path = StoryCollector.xcdatamodel; sourceTree = "<group>"; };
		22CA82EC1ED736E4005CF750 /* Assets.xcassets */ = {isa = PBXFileReference; lastKnownFileType = folder.assetcatalog; path = Assets.xcassets; sourceTree = "<group>"; };
		22CA82EF1ED736E4005CF750 /* Base */ = {isa = PBXFileReference; lastKnownFileType = file.storyboard; name = Base; path = Base.lproj/LaunchScreen.storyboard; sourceTree = "<group>"; };
		22CA82F11ED736E4005CF750 /* Info.plist */ = {isa = PBXFileReference; lastKnownFileType = text.plist.xml; path = Info.plist; sourceTree = "<group>"; };
		22CA82F71ED73D39005CF750 /* BB PreK.jpeg */ = {isa = PBXFileReference; lastKnownFileType = image.jpeg; path = "BB PreK.jpeg"; sourceTree = "<group>"; };
		22CA82F91ED73E69005CF750 /* StoryAddViewController.swift */ = {isa = PBXFileReference; fileEncoding = 4; lastKnownFileType = sourcecode.swift; path = StoryAddViewController.swift; sourceTree = "<group>"; };
/* End PBXFileReference section */

/* Begin PBXFrameworksBuildPhase section */
		22CA82DC1ED736E3005CF750 /* Frameworks */ = {
			isa = PBXFrameworksBuildPhase;
			buildActionMask = 2147483647;
			files = (
			);
			runOnlyForDeploymentPostprocessing = 0;
		};
/* End PBXFrameworksBuildPhase section */

/* Begin PBXGroup section */
		22CA82D61ED736E3005CF750 = {
			isa = PBXGroup;
			children = (
				22CA82E11ED736E3005CF750 /* StoryCollector */,
				22CA82E01ED736E3005CF750 /* Products */,
			);
			sourceTree = "<group>";
		};
		22CA82E01ED736E3005CF750 /* Products */ = {
			isa = PBXGroup;
			children = (
				22CA82DF1ED736E3005CF750 /* StoryCollector.app */,
			);
			name = Products;
			sourceTree = "<group>";
		};
		22CA82E11ED736E3005CF750 /* StoryCollector */ = {
			isa = PBXGroup;
			children = (
				22CA82F71ED73D39005CF750 /* BB PreK.jpeg */,
				22CA82E21ED736E3005CF750 /* AppDelegate.swift */,
				22CA82E41ED736E3005CF750 /* ViewController.swift */,
				22CA82F91ED73E69005CF750 /* StoryAddViewController.swift */,
				22CA82E61ED736E3005CF750 /* Main.storyboard */,
				22CA82EC1ED736E4005CF750 /* Assets.xcassets */,
				22CA82EE1ED736E4005CF750 /* LaunchScreen.storyboard */,
				22CA82F11ED736E4005CF750 /* Info.plist */,
				22CA82E91ED736E4005CF750 /* StoryCollector.xcdatamodeld */,
			);
			path = StoryCollector;
			sourceTree = "<group>";
		};
/* End PBXGroup section */

/* Begin PBXNativeTarget section */
		22CA82DE1ED736E3005CF750 /* StoryCollector */ = {
			isa = PBXNativeTarget;
			buildConfigurationList = 22CA82F41ED736E4005CF750 /* Build configuration list for PBXNativeTarget "StoryCollector" */;
			buildPhases = (
				22CA82DB1ED736E3005CF750 /* Sources */,
				22CA82DC1ED736E3005CF750 /* Frameworks */,
				22CA82DD1ED736E3005CF750 /* Resources */,
			);
			buildRules = (
			);
			dependencies = (
			);
			name = StoryCollector;
			productName = StoryCollector;
			productReference = 22CA82DF1ED736E3005CF750 /* StoryCollector.app */;
			productType = "com.apple.product-type.application";
		};
/* End PBXNativeTarget section */

/* Begin PBXProject section */
		22CA82D71ED736E3005CF750 /* Project object */ = {
			isa = PBXProject;
			attributes = {
				LastSwiftUpdateCheck = 0830;
				LastUpgradeCheck = 0830;
				ORGANIZATIONNAME = "BB Inc";
				TargetAttributes = {
					22CA82DE1ED736E3005CF750 = {
						CreatedOnToolsVersion = 8.3.2;
						DevelopmentTeam = JYY2FMUC3P;
						ProvisioningStyle = Automatic;
					};
				};
			};
			buildConfigurationList = 22CA82DA1ED736E3005CF750 /* Build configuration list for PBXProject "StoryCollector" */;
			compatibilityVersion = "Xcode 3.2";
			developmentRegion = English;
			hasScannedForEncodings = 0;
			knownRegions = (
				en,
				Base,
			);
			mainGroup = 22CA82D61ED736E3005CF750;
			productRefGroup = 22CA82E01ED736E3005CF750 /* Products */;
			projectDirPath = "";
			projectRoot = "";
			targets = (
				22CA82DE1ED736E3005CF750 /* StoryCollector */,
			);
		};
/* End PBXProject section */

/* Begin PBXResourcesBuildPhase section */
		22CA82DD1ED736E3005CF750 /* Resources */ = {
			isa = PBXResourcesBuildPhase;
			buildActionMask = 2147483647;
			files = (
				22CA82F01ED736E4005CF750 /* LaunchScreen.storyboard in Resources */,
				22CA82ED1ED736E4005CF750 /* Assets.xcassets in Resources */,
				22CA82F81ED73D39005CF750 /* BB PreK.jpeg in Resources */,
				22CA82E81ED736E4005CF750 /* Main.storyboard in Resources */,
			);
			runOnlyForDeploymentPostprocessing = 0;
		};
/* End PBXResourcesBuildPhase section */

/* Begin PBXSourcesBuildPhase section */
		22CA82DB1ED736E3005CF750 /* Sources */ = {
			isa = PBXSourcesBuildPhase;
			buildActionMask = 2147483647;
			files = (
				22CA82FA1ED73E69005CF750 /* StoryAddViewController.swift in Sources */,
				22CA82E51ED736E3005CF750 /* ViewController.swift in Sources */,
				22CA82E31ED736E3005CF750 /* AppDelegate.swift in Sources */,
				22CA82EB1ED736E4005CF750 /* StoryCollector.xcdatamodeld in Sources */,
			);
			runOnlyForDeploymentPostprocessing = 0;
		};
/* End PBXSourcesBuildPhase section */

/* Begin PBXVariantGroup section */
		22CA82E61ED736E3005CF750 /* Main.storyboard */ = {
			isa = PBXVariantGroup;
			children = (
				22CA82E71ED736E3005CF750 /* Base */,
			);
			name = Main.storyboard;
			sourceTree = "<group>";
		};
		22CA82EE1ED736E4005CF750 /* LaunchScreen.storyboard */ = {
			isa = PBXVariantGroup;
			children = (
				22CA82EF1ED736E4005CF750 /* Base */,
			);
			name = LaunchScreen.storyboard;
			sourceTree = "<group>";
		};
/* End PBXVariantGroup section */

/* Begin XCBuildConfiguration section */
		22CA82F21ED736E4005CF750 /* Debug */ = {
			isa = XCBuildConfiguration;
			buildSettings = {
				ALWAYS_SEARCH_USER_PATHS = NO;
				CLANG_ANALYZER_NONNULL = YES;
				CLANG_ANALYZER_NUMBER_OBJECT_CONVERSION = YES_AGGRESSIVE;
				CLANG_CXX_LANGUAGE_STANDARD = "gnu++0x";
				CLANG_CXX_LIBRARY = "libc++";
				CLANG_ENABLE_MODULES = YES;
				CLANG_ENABLE_OBJC_ARC = YES;
				CLANG_WARN_BOOL_CONVERSION = YES;
				CLANG_WARN_CONSTANT_CONVERSION = YES;
				CLANG_WARN_DIRECT_OBJC_ISA_USAGE = YES_ERROR;
				CLANG_WARN_DOCUMENTATION_COMMENTS = YES;
				CLANG_WARN_EMPTY_BODY = YES;
				CLANG_WARN_ENUM_CONVERSION = YES;
				CLANG_WARN_INFINITE_RECURSION = YES;
				CLANG_WARN_INT_CONVERSION = YES;
				CLANG_WARN_OBJC_ROOT_CLASS = YES_ERROR;
				CLANG_WARN_SUSPICIOUS_MOVE = YES;
				CLANG_WARN_UNREACHABLE_CODE = YES;
				CLANG_WARN__DUPLICATE_METHOD_MATCH = YES;
				"CODE_SIGN_IDENTITY[sdk=iphoneos*]" = "iPhone Developer";
				COPY_PHASE_STRIP = NO;
				DEBUG_INFORMATION_FORMAT = dwarf;
				ENABLE_STRICT_OBJC_MSGSEND = YES;
				ENABLE_TESTABILITY = YES;
				GCC_C_LANGUAGE_STANDARD = gnu99;
				GCC_DYNAMIC_NO_PIC = NO;
				GCC_NO_COMMON_BLOCKS = YES;
				GCC_OPTIMIZATION_LEVEL = 0;
				GCC_PREPROCESSOR_DEFINITIONS = (
					"DEBUG=1",
					"$(inherited)",
				);
				GCC_WARN_64_TO_32_BIT_CONVERSION = YES;
				GCC_WARN_ABOUT_RETURN_TYPE = YES_ERROR;
				GCC_WARN_UNDECLARED_SELECTOR = YES;
				GCC_WARN_UNINITIALIZED_AUTOS = YES_AGGRESSIVE;
				GCC_WARN_UNUSED_FUNCTION = YES;
				GCC_WARN_UNUSED_VARIABLE = YES;
				IPHONEOS_DEPLOYMENT_TARGET = 10.3;
				MTL_ENABLE_DEBUG_INFO = YES;
				ONLY_ACTIVE_ARCH = YES;
				SDKROOT = iphoneos;
				SWIFT_ACTIVE_COMPILATION_CONDITIONS = DEBUG;
				SWIFT_OPTIMIZATION_LEVEL = "-Onone";
				TARGETED_DEVICE_FAMILY = "1,2";
			};
			name = Debug;
		};
		22CA82F31ED736E4005CF750 /* Release */ = {
			isa = XCBuildConfiguration;
			buildSettings = {
				ALWAYS_SEARCH_USER_PATHS = NO;
				CLANG_ANALYZER_NONNULL = YES;
				CLANG_ANALYZER_NUMBER_OBJECT_CONVERSION = YES_AGGRESSIVE;
				CLANG_CXX_LANGUAGE_STANDARD = "gnu++0x";
				CLANG_CXX_LIBRARY = "libc++";
				CLANG_ENABLE_MODULES = YES;
				CLANG_ENABLE_OBJC_ARC = YES;
				CLANG_WARN_BOOL_CONVERSION = YES;
				CLANG_WARN_CONSTANT_CONVERSION = YES;
				CLANG_WARN_DIRECT_OBJC_ISA_USAGE = YES_ERROR;
				CLANG_WARN_DOCUMENTATION_COMMENTS = YES;
				CLANG_WARN_EMPTY_BODY = YES;
				CLANG_WARN_ENUM_CONVERSION = YES;
				CLANG_WARN_INFINITE_RECURSION = YES;
				CLANG_WARN_INT_CONVERSION = YES;
				CLANG_WARN_OBJC_ROOT_CLASS = YES_ERROR;
				CLANG_WARN_SUSPICIOUS_MOVE = YES;
				CLANG_WARN_UNREACHABLE_CODE = YES;
				CLANG_WARN__DUPLICATE_METHOD_MATCH = YES;
				"CODE_SIGN_IDENTITY[sdk=iphoneos*]" = "iPhone Developer";
				COPY_PHASE_STRIP = NO;
				DEBUG_INFORMATION_FORMAT = "dwarf-with-dsym";
				ENABLE_NS_ASSERTIONS = NO;
				ENABLE_STRICT_OBJC_MSGSEND = YES;
				GCC_C_LANGUAGE_STANDARD = gnu99;
				GCC_NO_COMMON_BLOCKS = YES;
				GCC_WARN_64_TO_32_BIT_CONVERSION = YES;
				GCC_WARN_ABOUT_RETURN_TYPE = YES_ERROR;
				GCC_WARN_UNDECLARED_SELECTOR = YES;
				GCC_WARN_UNINITIALIZED_AUTOS = YES_AGGRESSIVE;
				GCC_WARN_UNUSED_FUNCTION = YES;
				GCC_WARN_UNUSED_VARIABLE = YES;
				IPHONEOS_DEPLOYMENT_TARGET = 10.3;
				MTL_ENABLE_DEBUG_INFO = NO;
				SDKROOT = iphoneos;
				SWIFT_OPTIMIZATION_LEVEL = "-Owholemodule";
				TARGETED_DEVICE_FAMILY = "1,2";
				VALIDATE_PRODUCT = YES;
			};
			name = Release;
		};
		22CA82F51ED736E4005CF750 /* Debug */ = {
			isa = XCBuildConfiguration;
			buildSettings = {
				ASSETCATALOG_COMPILER_APPICON_NAME = AppIcon;
				DEVELOPMENT_TEAM = JYY2FMUC3P;
				INFOPLIST_FILE = StoryCollector/Info.plist;
				LD_RUNPATH_SEARCH_PATHS = "$(inherited) @executable_path/Frameworks";
				PRODUCT_BUNDLE_IDENTIFIER = com.bbinc.StoryCollector;
				PRODUCT_NAME = "$(TARGET_NAME)";
				SWIFT_VERSION = 3.0;
			};
			name = Debug;
		};
		22CA82F61ED736E4005CF750 /* Release */ = {
			isa = XCBuildConfiguration;
			buildSettings = {
				ASSETCATALOG_COMPILER_APPICON_NAME = AppIcon;
				DEVELOPMENT_TEAM = JYY2FMUC3P;
				INFOPLIST_FILE = StoryCollector/Info.plist;
				LD_RUNPATH_SEARCH_PATHS = "$(inherited) @executable_path/Frameworks";
				PRODUCT_BUNDLE_IDENTIFIER = com.bbinc.StoryCollector;
				PRODUCT_NAME = "$(TARGET_NAME)";
				SWIFT_VERSION = 3.0;
			};
			name = Release;
		};
/* End XCBuildConfiguration section */

/* Begin XCConfigurationList section */
		22CA82DA1ED736E3005CF750 /* Build configuration list for PBXProject "StoryCollector" */ = {
			isa = XCConfigurationList;
			buildConfigurations = (
				22CA82F21ED736E4005CF750 /* Debug */,
				22CA82F31ED736E4005CF750 /* Release */,
			);
			defaultConfigurationIsVisible = 0;
			defaultConfigurationName = Release;
		};
		22CA82F41ED736E4005CF750 /* Build configuration list for PBXNativeTarget "StoryCollector" */ = {
			isa = XCConfigurationList;
			buildConfigurations = (
				22CA82F51ED736E4005CF750 /* Debug */,
				22CA82F61ED736E4005CF750 /* Release */,
			);
			defaultConfigurationIsVisible = 0;
		};
/* End XCConfigurationList section */

/* Begin XCVersionGroup section */
		22CA82E91ED736E4005CF750 /* StoryCollector.xcdatamodeld */ = {
			isa = XCVersionGroup;
			children = (
				22CA82EA1ED736E4005CF750 /* StoryCollector.xcdatamodel */,
			);
			currentVersion = 22CA82EA1ED736E4005CF750 /* StoryCollector.xcdatamodel */;
			path = StoryCollector.xcdatamodeld;
			sourceTree = "<group>";
			versionGroupType = wrapper.xcdatamodel;
		};
/* End XCVersionGroup section */
	};
	rootObject = 22CA82D71ED736E3005CF750 /* Project object */;
}
